
Microsoft Visual Studio Solution File, Format Version 12.00
# Visual Studio Version 17
VisualStudioVersion = 17.4.33213.308
MinimumVisualStudioVersion = 10.0.40219.1
Project("{FAE04EC0-301F-11D3-BF4B-00C04F79EFBC}") = "task 19", "task 19\task 19.csproj", "{787C5FB8-A327-460F-9E49-50970F561296}"
EndProject
Global
	GlobalSection(SolutionConfigurationPlatforms) = preSolution
		Debug|Any CPU = Debug|Any CPU
		Release|Any CPU = Release|Any CPU
	EndGlobalSection
	GlobalSection(ProjectConfigurationPlatforms) = postSolution
		{787C5FB8-A327-460F-9E49-50970F561296}.Debug|Any CPU.ActiveCfg = Debug|Any CPU
		{787C5FB8-A327-460F-9E49-50970F561296}.Debug|Any CPU.Build.0 = Debug|Any CPU
		{787C5FB8-A327-460F-9E49-50970F561296}.Release|Any CPU.ActiveCfg = Release|Any CPU
		{787C5FB8-A327-460F-9E49-50970F561296}.Release|Any CPU.Build.0 = Release|Any CPU
	EndGlobalSection
	GlobalSection(SolutionProperties) = preSolution
		HideSolutionNode = FALSE
	EndGlobalSection
	GlobalSection(ExtensibilityGlobals) = postSolution
		SolutionGuid = {16BC6A70-6F82-4629-A2B7-7EF510EDDF62}
	EndGlobalSection
EndGlobal
